
Microsoft Visual Studio Solution File, Format Version 12.00
# Visual Studio Version 16
VisualStudioVersion = 16.0.29926.136
MinimumVisualStudioVersion = 10.0.40219.1
Project("{FAE04EC0-301F-11D3-BF4B-00C04F79EFBC}") = "AdventofCode", "AdventofCode\AdventofCode.csproj", "{B7F05046-6B4B-4114-B55A-EC8AB74DAF17}"
EndProject
Global
	GlobalSection(SolutionConfigurationPlatforms) = preSolution
		Debug|Any CPU = Debug|Any CPU
		Release|Any CPU = Release|Any CPU
	EndGlobalSection
	GlobalSection(ProjectConfigurationPlatforms) = postSolution
		{B7F05046-6B4B-4114-B55A-EC8AB74DAF17}.Debug|Any CPU.ActiveCfg = Debug|Any CPU
		{B7F05046-6B4B-4114-B55A-EC8AB74DAF17}.Debug|Any CPU.Build.0 = Debug|Any CPU
		{B7F05046-6B4B-4114-B55A-EC8AB74DAF17}.Release|Any CPU.ActiveCfg = Release|Any CPU
		{B7F05046-6B4B-4114-B55A-EC8AB74DAF17}.Release|Any CPU.Build.0 = Release|Any CPU
	EndGlobalSection
	GlobalSection(SolutionProperties) = preSolution
		HideSolutionNode = FALSE
	EndGlobalSection
	GlobalSection(ExtensibilityGlobals) = postSolution
		SolutionGuid = {BE1C45EE-E7A6-4034-B211-267D04FB7CE3}
	EndGlobalSection
EndGlobal
